
Microsoft Visual Studio Solution File, Format Version 12.00
# Visual Studio Version 17
VisualStudioVersion = 17.0.32126.317
MinimumVisualStudioVersion = 10.0.40219.1
Project("{FAE04EC0-301F-11D3-BF4B-00C04F79EFBC}") = "RazorCurrencyCoverter1.0", "RazorCurrencyCoverter1.0.csproj", "{79BDB0C7-ABD2-47FE-9B3D-A6DA2D97B81C}"
EndProject
Global
	GlobalSection(SolutionConfigurationPlatforms) = preSolution
		Debug|Any CPU = Debug|Any CPU
		Release|Any CPU = Release|Any CPU
	EndGlobalSection
	GlobalSection(ProjectConfigurationPlatforms) = postSolution
		{79BDB0C7-ABD2-47FE-9B3D-A6DA2D97B81C}.Debug|Any CPU.ActiveCfg = Debug|Any CPU
		{79BDB0C7-ABD2-47FE-9B3D-A6DA2D97B81C}.Debug|Any CPU.Build.0 = Debug|Any CPU
		{79BDB0C7-ABD2-47FE-9B3D-A6DA2D97B81C}.Release|Any CPU.ActiveCfg = Release|Any CPU
		{79BDB0C7-ABD2-47FE-9B3D-A6DA2D97B81C}.Release|Any CPU.Build.0 = Release|Any CPU
	EndGlobalSection
	GlobalSection(SolutionProperties) = preSolution
		HideSolutionNode = FALSE
	EndGlobalSection
	GlobalSection(ExtensibilityGlobals) = postSolution
		SolutionGuid = {AFED76FA-B362-4259-8309-54E14B6C7BE0}
	EndGlobalSection
EndGlobal
